// !$*UTF8*$!
{
	archiveVersion = 1;
	classes = {
	};
	objectVersion = 50;
	objects = {

/* Begin PBXFileReference section */
		6D682EAF2431795000D97BA7 /* 3Face_training 3.py */ = {isa = PBXFileReference; lastKnownFileType = text.script.python; path = "3Face_training 3.py"; sourceTree = "<group>"; };
		6D682EB02431795000D97BA7 /* 1FaceDetection.py */ = {isa = PBXFileReference; lastKnownFileType = text.script.python; path = 1FaceDetection.py; sourceTree = "<group>"; };
		6D682EB12431795000D97BA7 /* 4Face_recognition.py */ = {isa = PBXFileReference; lastKnownFileType = text.script.python; path = 4Face_recognition.py; sourceTree = "<group>"; };
		6D682EB22431795000D97BA7 /* 2FaceDataCollect.py */ = {isa = PBXFileReference; lastKnownFileType = text.script.python; path = 2FaceDataCollect.py; sourceTree = "<group>"; };
/* End PBXFileReference section */

/* Begin PBXGroup section */
		6D682EAE2431795000D97BA7 /* 人脸识别 */ = {
			isa = PBXGroup;
			children = (
				6D682EAF2431795000D97BA7 /* 3Face_training 3.py */,
				6D682EB02431795000D97BA7 /* 1FaceDetection.py */,
				6D682EB12431795000D97BA7 /* 4Face_recognition.py */,
				6D682EB22431795000D97BA7 /* 2FaceDataCollect.py */,
			);
			path = "人脸识别";
			sourceTree = "<group>";
		};
		6DD636E224316B1700119E47 = {
			isa = PBXGroup;
			children = (
				6D682EAE2431795000D97BA7 /* 人脸识别 */,
			);
			sourceTree = "<group>";
		};
/* End PBXGroup section */

/* Begin PBXProject section */
		6DD636E324316B1700119E47 /* Project object */ = {
			isa = PBXProject;
			attributes = {
				LastUpgradeCheck = 1140;
			};
			buildConfigurationList = 6DD636E624316B1700119E47 /* Build configuration list for PBXProject "Python" */;
			compatibilityVersion = "Xcode 9.3";
			developmentRegion = en;
			hasScannedForEncodings = 0;
			knownRegions = (
				en,
				Base,
			);
			mainGroup = 6DD636E224316B1700119E47;
			projectDirPath = "";
			projectRoot = "";
			targets = (
			);
		};
/* End PBXProject section */

/* Begin XCBuildConfiguration section */
		6DD636E724316B1700119E47 /* Debug */ = {
			isa = XCBuildConfiguration;
			buildSettings = {
			};
			name = Debug;
		};
		6DD636E824316B1700119E47 /* Release */ = {
			isa = XCBuildConfiguration;
			buildSettings = {
			};
			name = Release;
		};
/* End XCBuildConfiguration section */

/* Begin XCConfigurationList section */
		6DD636E624316B1700119E47 /* Build configuration list for PBXProject "Python" */ = {
			isa = XCConfigurationList;
			buildConfigurations = (
				6DD636E724316B1700119E47 /* Debug */,
				6DD636E824316B1700119E47 /* Release */,
			);
			defaultConfigurationIsVisible = 0;
			defaultConfigurationName = Release;
		};
/* End XCConfigurationList section */
	};
	rootObject = 6DD636E324316B1700119E47 /* Project object */;
}
